{
  "name": "ggejs",
  "version": "1.0.24",
  "lockfileVersion": 3,
  "requires": true,
  "packages": {
    "": {
      "name": "ggejs",
      "version": "1.0.24",
      "license": "ISC",
      "dependencies": {
        "e4k-data": "*"
      },
      "devDependencies": {
        "@types/node": "^20.4.1"
      }
    },
    "node_modules/@types/node": {
      "version": "20.4.1",
      "resolved": "https://registry.npmjs.org/@types/node/-/node-20.4.1.tgz",
      "integrity": "sha512-JIzsAvJeA/5iY6Y/OxZbv1lUcc8dNSE77lb2gnBH+/PJ3lFR1Ccvgwl5JWnHAkNHcRsT0TbpVOsiMKZ1F/yyJg==",
      "dev": true
    },
    "node_modules/e4k-data": {
      "version": "4.56.13",
      "resolved": "https://registry.npmjs.org/e4k-data/-/e4k-data-4.56.13.tgz",
      "integrity": "sha512-xTvCSmVXHl4n8213A6D1Vj96yOCKN1eICzLwZ9QhfwOwcq85H9ScjLDjqHVLrYgZ3eu4GLcMnIIpBtNOAJyMcA=="
    }
  }
}
