{
  "name": "ggejs",
  "version": "1.0.25",
  "lockfileVersion": 3,
  "requires": true,
  "packages": {
    "": {
      "name": "ggejs",
      "version": "1.0.25",
      "license": "ISC",
      "dependencies": {
        "e4k-data": "*"
      },
      "devDependencies": {
        "@types/node": "^20.5.9"
      }
    },
    "node_modules/@types/node": {
      "version": "20.5.9",
      "resolved": "https://registry.npmjs.org/@types/node/-/node-20.5.9.tgz",
      "integrity": "sha512-PcGNd//40kHAS3sTlzKB9C9XL4K0sTup8nbG5lC14kzEteTNuAFh9u5nA0o5TWnSG2r/JNPRXFVcHJIIeRlmqQ==",
      "dev": true
    },
    "node_modules/e4k-data": {
      "version": "4.57.37",
      "resolved": "https://registry.npmjs.org/e4k-data/-/e4k-data-4.57.37.tgz",
      "integrity": "sha512-sOU0eth0bD+DfWhy3K43IwqitNYaA3gkCgHiaLJ4/Mjt8uojFmzSgdIFF4S6qW2mueNRRMLlBb25TJd7dqbZCA=="
    }
  }
}
