{
  "name": "ggejs",
  "version": "1.1.6",
  "lockfileVersion": 3,
  "requires": true,
  "packages": {
    "": {
      "name": "ggejs",
      "version": "1.1.6",
      "license": "ISC",
      "dependencies": {
        "e4k-data": "*"
      },
      "devDependencies": {
        "@types/node": "^22.14.0"
      }
    },
    "node_modules/@types/node": {
      "version": "22.14.0",
      "resolved": "https://registry.npmjs.org/@types/node/-/node-22.14.0.tgz",
      "integrity": "sha512-Kmpl+z84ILoG+3T/zQFyAJsU6EPTmOCj8/2+83fSN6djd6I4o7uOuGIH6vq3PrjY5BGitSbFuMN18j3iknubbA==",
      "dev": true,
      "license": "MIT",
      "dependencies": {
        "undici-types": "~6.21.0"
      }
    },
    "node_modules/e4k-data": {
      "version": "4.98.71",
      "resolved": "https://registry.npmjs.org/e4k-data/-/e4k-data-4.98.71.tgz",
      "integrity": "sha512-VAb1JnvXqktiddNXS9lda7JE74GQaKc4P9AjdzsTjDVREkwRCF0t+RxMGg86kDHwvcLXGSrAQl8+XFm2ZqVprg==",
      "license": "ISC"
    },
    "node_modules/undici-types": {
      "version": "6.21.0",
      "resolved": "https://registry.npmjs.org/undici-types/-/undici-types-6.21.0.tgz",
      "integrity": "sha512-iwDZqg0QAGrg9Rav5H4n0M64c3mkR59cJ6wQp+7C4nI0gsmExaedaYLNO44eT4AtBBwjbTiGPMlt2Md0T9H9JQ==",
      "dev": true,
      "license": "MIT"
    }
  }
}
